
Microsoft Visual Studio Solution File, Format Version 12.00
# Visual Studio 15
Project("{FAE04EC0-301F-11D3-BF4B-00C04F79EFBC}") = "ReinaAndGremCreepyPlants", "ReinaAndGremCreepyPlants\ReinaAndGremCreepyPlants.csproj", "{0089F7C0-AD4E-48A2-B177-96C1C8427ACB}"
EndProject
Global
	GlobalSection(SolutionConfigurationPlatforms) = preSolution
		Debug|Any CPU = Debug|Any CPU
		Release|Any CPU = Release|Any CPU
	EndGlobalSection
	GlobalSection(ProjectConfigurationPlatforms) = postSolution
		{0089F7C0-AD4E-48A2-B177-96C1C8427ACB}.Debug|Any CPU.ActiveCfg = Debug|Any CPU
		{0089F7C0-AD4E-48A2-B177-96C1C8427ACB}.Debug|Any CPU.Build.0 = Debug|Any CPU
		{0089F7C0-AD4E-48A2-B177-96C1C8427ACB}.Release|Any CPU.ActiveCfg = Release|Any CPU
		{0089F7C0-AD4E-48A2-B177-96C1C8427ACB}.Release|Any CPU.Build.0 = Release|Any CPU
	EndGlobalSection
EndGlobal
